// !$*UTF8*$!
{
	archiveVersion = 1;
	classes = {
	};
	objectVersion = 46;
	objects = {

/* Begin PBXBuildFile section */
		442D77401D4AC83E005754C8 /* ProfileViewController.swift in Sources */ = {isa = PBXBuildFile; fileRef = 442D773F1D4AC83E005754C8 /* ProfileViewController.swift */; };
		4450EC011D4E803E0019E488 /* TaskDetailViewController.swift in Sources */ = {isa = PBXBuildFile; fileRef = 4450EC001D4E803E0019E488 /* TaskDetailViewController.swift */; };
		44F1D38F1D4A9A9E003F7A0F /* AppDelegate.swift in Sources */ = {isa = PBXBuildFile; fileRef = 44F1D38E1D4A9A9E003F7A0F /* AppDelegate.swift */; };
		44F1D3911D4A9A9E003F7A0F /* ViewController.swift in Sources */ = {isa = PBXBuildFile; fileRef = 44F1D3901D4A9A9E003F7A0F /* ViewController.swift */; };
		44F1D3941D4A9A9E003F7A0F /* Main.storyboard in Resources */ = {isa = PBXBuildFile; fileRef = 44F1D3921D4A9A9E003F7A0F /* Main.storyboard */; };
		44F1D3971D4A9A9E003F7A0F /* ProductivityAnalytics.xcdatamodeld in Sources */ = {isa = PBXBuildFile; fileRef = 44F1D3951D4A9A9E003F7A0F /* ProductivityAnalytics.xcdatamodeld */; };
		44F1D3991D4A9A9E003F7A0F /* Assets.xcassets in Resources */ = {isa = PBXBuildFile; fileRef = 44F1D3981D4A9A9E003F7A0F /* Assets.xcassets */; };
		44F1D39C1D4A9A9E003F7A0F /* LaunchScreen.storyboard in Resources */ = {isa = PBXBuildFile; fileRef = 44F1D39A1D4A9A9E003F7A0F /* LaunchScreen.storyboard */; };
		44F68ABB1D4BEA7B001B8474 /* LogTaskViewController.swift in Sources */ = {isa = PBXBuildFile; fileRef = 44F68ABA1D4BEA7B001B8474 /* LogTaskViewController.swift */; };
		44F68ABD1D4C81C1001B8474 /* CurrentTableViewController.swift in Sources */ = {isa = PBXBuildFile; fileRef = 44F68ABC1D4C81C1001B8474 /* CurrentTableViewController.swift */; };
		44F68ABF1D4C81E8001B8474 /* LifeTimeTableViewController.swift in Sources */ = {isa = PBXBuildFile; fileRef = 44F68ABE1D4C81E8001B8474 /* LifeTimeTableViewController.swift */; };
		6A8190CACBCC3B7737EBEA4C /* Pods_ProductivityAnalytics.framework in Frameworks */ = {isa = PBXBuildFile; fileRef = A4A907E82388BC898B0B116B /* Pods_ProductivityAnalytics.framework */; };
/* End PBXBuildFile section */

/* Begin PBXFileReference section */
		33EE3CAC04A90C815D25D63D /* Pods-ProductivityAnalytics.release.xcconfig */ = {isa = PBXFileReference; includeInIndex = 1; lastKnownFileType = text.xcconfig; name = "Pods-ProductivityAnalytics.release.xcconfig"; path = "Pods/Target Support Files/Pods-ProductivityAnalytics/Pods-ProductivityAnalytics.release.xcconfig"; sourceTree = "<group>"; };
		442D773F1D4AC83E005754C8 /* ProfileViewController.swift */ = {isa = PBXFileReference; fileEncoding = 4; lastKnownFileType = sourcecode.swift; path = ProfileViewController.swift; sourceTree = "<group>"; };
		4450EC001D4E803E0019E488 /* TaskDetailViewController.swift */ = {isa = PBXFileReference; fileEncoding = 4; lastKnownFileType = sourcecode.swift; path = TaskDetailViewController.swift; sourceTree = "<group>"; };
		44F1D38B1D4A9A9E003F7A0F /* ProductivityAnalytics.app */ = {isa = PBXFileReference; explicitFileType = wrapper.application; includeInIndex = 0; path = ProductivityAnalytics.app; sourceTree = BUILT_PRODUCTS_DIR; };
		44F1D38E1D4A9A9E003F7A0F /* AppDelegate.swift */ = {isa = PBXFileReference; lastKnownFileType = sourcecode.swift; path = AppDelegate.swift; sourceTree = "<group>"; };
		44F1D3901D4A9A9E003F7A0F /* ViewController.swift */ = {isa = PBXFileReference; lastKnownFileType = sourcecode.swift; path = ViewController.swift; sourceTree = "<group>"; };
		44F1D3931D4A9A9E003F7A0F /* Base */ = {isa = PBXFileReference; lastKnownFileType = file.storyboard; name = Base; path = Base.lproj/Main.storyboard; sourceTree = "<group>"; };
		44F1D3961D4A9A9E003F7A0F /* ProductivityAnalytics.xcdatamodel */ = {isa = PBXFileReference; lastKnownFileType = wrapper.xcdatamodel; path = ProductivityAnalytics.xcdatamodel; sourceTree = "<group>"; };
		44F1D3981D4A9A9E003F7A0F /* Assets.xcassets */ = {isa = PBXFileReference; lastKnownFileType = folder.assetcatalog; path = Assets.xcassets; sourceTree = "<group>"; };
		44F1D39B1D4A9A9E003F7A0F /* Base */ = {isa = PBXFileReference; lastKnownFileType = file.storyboard; name = Base; path = Base.lproj/LaunchScreen.storyboard; sourceTree = "<group>"; };
		44F1D39D1D4A9A9E003F7A0F /* Info.plist */ = {isa = PBXFileReference; lastKnownFileType = text.plist.xml; path = Info.plist; sourceTree = "<group>"; };
		44F68ABA1D4BEA7B001B8474 /* LogTaskViewController.swift */ = {isa = PBXFileReference; fileEncoding = 4; lastKnownFileType = sourcecode.swift; path = LogTaskViewController.swift; sourceTree = "<group>"; };
		44F68ABC1D4C81C1001B8474 /* CurrentTableViewController.swift */ = {isa = PBXFileReference; fileEncoding = 4; lastKnownFileType = sourcecode.swift; path = CurrentTableViewController.swift; sourceTree = "<group>"; };
		44F68ABE1D4C81E8001B8474 /* LifeTimeTableViewController.swift */ = {isa = PBXFileReference; fileEncoding = 4; lastKnownFileType = sourcecode.swift; path = LifeTimeTableViewController.swift; sourceTree = "<group>"; };
		6E3C3C6E1367616D170FFF4F /* Pods-ProductivityAnalytics.debug.xcconfig */ = {isa = PBXFileReference; includeInIndex = 1; lastKnownFileType = text.xcconfig; name = "Pods-ProductivityAnalytics.debug.xcconfig"; path = "Pods/Target Support Files/Pods-ProductivityAnalytics/Pods-ProductivityAnalytics.debug.xcconfig"; sourceTree = "<group>"; };
		A4A907E82388BC898B0B116B /* Pods_ProductivityAnalytics.framework */ = {isa = PBXFileReference; explicitFileType = wrapper.framework; includeInIndex = 0; path = Pods_ProductivityAnalytics.framework; sourceTree = BUILT_PRODUCTS_DIR; };
/* End PBXFileReference section */

/* Begin PBXFrameworksBuildPhase section */
		44F1D3881D4A9A9E003F7A0F /* Frameworks */ = {
			isa = PBXFrameworksBuildPhase;
			buildActionMask = 2147483647;
			files = (
				6A8190CACBCC3B7737EBEA4C /* Pods_ProductivityAnalytics.framework in Frameworks */,
			);
			runOnlyForDeploymentPostprocessing = 0;
		};
/* End PBXFrameworksBuildPhase section */

/* Begin PBXGroup section */
		44F1D3821D4A9A9E003F7A0F = {
			isa = PBXGroup;
			children = (
				44F1D38D1D4A9A9E003F7A0F /* ProductivityAnalytics */,
				44F1D38C1D4A9A9E003F7A0F /* Products */,
				D1B295AC3DD036A4CA8A13F4 /* Pods */,
				A5CE9D82764FC9CF0CA65F64 /* Frameworks */,
			);
			sourceTree = "<group>";
		};
		44F1D38C1D4A9A9E003F7A0F /* Products */ = {
			isa = PBXGroup;
			children = (
				44F1D38B1D4A9A9E003F7A0F /* ProductivityAnalytics.app */,
			);
			name = Products;
			sourceTree = "<group>";
		};
		44F1D38D1D4A9A9E003F7A0F /* ProductivityAnalytics */ = {
			isa = PBXGroup;
			children = (
				44F1D38E1D4A9A9E003F7A0F /* AppDelegate.swift */,
				44F1D3901D4A9A9E003F7A0F /* ViewController.swift */,
				44F1D3921D4A9A9E003F7A0F /* Main.storyboard */,
				4450EC001D4E803E0019E488 /* TaskDetailViewController.swift */,
				44F68ABE1D4C81E8001B8474 /* LifeTimeTableViewController.swift */,
				44F68ABC1D4C81C1001B8474 /* CurrentTableViewController.swift */,
				44F68ABA1D4BEA7B001B8474 /* LogTaskViewController.swift */,
				442D773F1D4AC83E005754C8 /* ProfileViewController.swift */,
				44F1D3981D4A9A9E003F7A0F /* Assets.xcassets */,
				44F1D39A1D4A9A9E003F7A0F /* LaunchScreen.storyboard */,
				44F1D39D1D4A9A9E003F7A0F /* Info.plist */,
				44F1D3951D4A9A9E003F7A0F /* ProductivityAnalytics.xcdatamodeld */,
			);
			path = ProductivityAnalytics;
			sourceTree = "<group>";
		};
		A5CE9D82764FC9CF0CA65F64 /* Frameworks */ = {
			isa = PBXGroup;
			children = (
				A4A907E82388BC898B0B116B /* Pods_ProductivityAnalytics.framework */,
			);
			name = Frameworks;
			sourceTree = "<group>";
		};
		D1B295AC3DD036A4CA8A13F4 /* Pods */ = {
			isa = PBXGroup;
			children = (
				6E3C3C6E1367616D170FFF4F /* Pods-ProductivityAnalytics.debug.xcconfig */,
				33EE3CAC04A90C815D25D63D /* Pods-ProductivityAnalytics.release.xcconfig */,
			);
			name = Pods;
			sourceTree = "<group>";
		};
/* End PBXGroup section */

/* Begin PBXNativeTarget section */
		44F1D38A1D4A9A9E003F7A0F /* ProductivityAnalytics */ = {
			isa = PBXNativeTarget;
			buildConfigurationList = 44F1D3A01D4A9A9E003F7A0F /* Build configuration list for PBXNativeTarget "ProductivityAnalytics" */;
			buildPhases = (
				7756740AF1E9D7E235CE304F /* [CP] Check Pods Manifest.lock */,
				44F1D3871D4A9A9E003F7A0F /* Sources */,
				44F1D3881D4A9A9E003F7A0F /* Frameworks */,
				44F1D3891D4A9A9E003F7A0F /* Resources */,
				F3A43DD55C2D36DAB7E1E1AB /* [CP] Embed Pods Frameworks */,
				7E4246109D42D8B19FB0C8A0 /* [CP] Copy Pods Resources */,
			);
			buildRules = (
			);
			dependencies = (
			);
			name = ProductivityAnalytics;
			productName = ProductivityAnalytics;
			productReference = 44F1D38B1D4A9A9E003F7A0F /* ProductivityAnalytics.app */;
			productType = "com.apple.product-type.application";
		};
/* End PBXNativeTarget section */

/* Begin PBXProject section */
		44F1D3831D4A9A9E003F7A0F /* Project object */ = {
			isa = PBXProject;
			attributes = {
				LastSwiftUpdateCheck = 0730;
				LastUpgradeCheck = 0730;
				ORGANIZATIONNAME = BrianNguyen;
				TargetAttributes = {
					44F1D38A1D4A9A9E003F7A0F = {
						CreatedOnToolsVersion = 7.3;
					};
				};
			};
			buildConfigurationList = 44F1D3861D4A9A9E003F7A0F /* Build configuration list for PBXProject "ProductivityAnalytics" */;
			compatibilityVersion = "Xcode 3.2";
			developmentRegion = English;
			hasScannedForEncodings = 0;
			knownRegions = (
				en,
				Base,
			);
			mainGroup = 44F1D3821D4A9A9E003F7A0F;
			productRefGroup = 44F1D38C1D4A9A9E003F7A0F /* Products */;
			projectDirPath = "";
			projectRoot = "";
			targets = (
				44F1D38A1D4A9A9E003F7A0F /* ProductivityAnalytics */,
			);
		};
/* End PBXProject section */

/* Begin PBXResourcesBuildPhase section */
		44F1D3891D4A9A9E003F7A0F /* Resources */ = {
			isa = PBXResourcesBuildPhase;
			buildActionMask = 2147483647;
			files = (
				44F1D39C1D4A9A9E003F7A0F /* LaunchScreen.storyboard in Resources */,
				44F1D3991D4A9A9E003F7A0F /* Assets.xcassets in Resources */,
				44F1D3941D4A9A9E003F7A0F /* Main.storyboard in Resources */,
			);
			runOnlyForDeploymentPostprocessing = 0;
		};
/* End PBXResourcesBuildPhase section */

/* Begin PBXShellScriptBuildPhase section */
		7756740AF1E9D7E235CE304F /* [CP] Check Pods Manifest.lock */ = {
			isa = PBXShellScriptBuildPhase;
			buildActionMask = 2147483647;
			files = (
			);
			inputPaths = (
			);
			name = "[CP] Check Pods Manifest.lock";
			outputPaths = (
			);
			runOnlyForDeploymentPostprocessing = 0;
			shellPath = /bin/sh;
			shellScript = "diff \"${PODS_ROOT}/../Podfile.lock\" \"${PODS_ROOT}/Manifest.lock\" > /dev/null\nif [[ $? != 0 ]] ; then\n    cat << EOM\nerror: The sandbox is not in sync with the Podfile.lock. Run 'pod install' or update your CocoaPods installation.\nEOM\n    exit 1\nfi\n";
			showEnvVarsInLog = 0;
		};
		7E4246109D42D8B19FB0C8A0 /* [CP] Copy Pods Resources */ = {
			isa = PBXShellScriptBuildPhase;
			buildActionMask = 2147483647;
			files = (
			);
			inputPaths = (
			);
			name = "[CP] Copy Pods Resources";
			outputPaths = (
			);
			runOnlyForDeploymentPostprocessing = 0;
			shellPath = /bin/sh;
			shellScript = "\"${SRCROOT}/Pods/Target Support Files/Pods-ProductivityAnalytics/Pods-ProductivityAnalytics-resources.sh\"\n";
			showEnvVarsInLog = 0;
		};
		F3A43DD55C2D36DAB7E1E1AB /* [CP] Embed Pods Frameworks */ = {
			isa = PBXShellScriptBuildPhase;
			buildActionMask = 2147483647;
			files = (
			);
			inputPaths = (
			);
			name = "[CP] Embed Pods Frameworks";
			outputPaths = (
			);
			runOnlyForDeploymentPostprocessing = 0;
			shellPath = /bin/sh;
			shellScript = "\"${SRCROOT}/Pods/Target Support Files/Pods-ProductivityAnalytics/Pods-ProductivityAnalytics-frameworks.sh\"\n";
			showEnvVarsInLog = 0;
		};
/* End PBXShellScriptBuildPhase section */

/* Begin PBXSourcesBuildPhase section */
		44F1D3871D4A9A9E003F7A0F /* Sources */ = {
			isa = PBXSourcesBuildPhase;
			buildActionMask = 2147483647;
			files = (
				44F1D3971D4A9A9E003F7A0F /* ProductivityAnalytics.xcdatamodeld in Sources */,
				44F68ABB1D4BEA7B001B8474 /* LogTaskViewController.swift in Sources */,
				44F68ABD1D4C81C1001B8474 /* CurrentTableViewController.swift in Sources */,
				44F68ABF1D4C81E8001B8474 /* LifeTimeTableViewController.swift in Sources */,
				44F1D3911D4A9A9E003F7A0F /* ViewController.swift in Sources */,
				442D77401D4AC83E005754C8 /* ProfileViewController.swift in Sources */,
				4450EC011D4E803E0019E488 /* TaskDetailViewController.swift in Sources */,
				44F1D38F1D4A9A9E003F7A0F /* AppDelegate.swift in Sources */,
			);
			runOnlyForDeploymentPostprocessing = 0;
		};
/* End PBXSourcesBuildPhase section */

/* Begin PBXVariantGroup section */
		44F1D3921D4A9A9E003F7A0F /* Main.storyboard */ = {
			isa = PBXVariantGroup;
			children = (
				44F1D3931D4A9A9E003F7A0F /* Base */,
			);
			name = Main.storyboard;
			sourceTree = "<group>";
		};
		44F1D39A1D4A9A9E003F7A0F /* LaunchScreen.storyboard */ = {
			isa = PBXVariantGroup;
			children = (
				44F1D39B1D4A9A9E003F7A0F /* Base */,
			);
			name = LaunchScreen.storyboard;
			sourceTree = "<group>";
		};
/* End PBXVariantGroup section */

/* Begin XCBuildConfiguration section */
		44F1D39E1D4A9A9E003F7A0F /* Debug */ = {
			isa = XCBuildConfiguration;
			buildSettings = {
				ALWAYS_SEARCH_USER_PATHS = NO;
				CLANG_ANALYZER_NONNULL = YES;
				CLANG_CXX_LANGUAGE_STANDARD = "gnu++0x";
				CLANG_CXX_LIBRARY = "libc++";
				CLANG_ENABLE_MODULES = YES;
				CLANG_ENABLE_OBJC_ARC = YES;
				CLANG_WARN_BOOL_CONVERSION = YES;
				CLANG_WARN_CONSTANT_CONVERSION = YES;
				CLANG_WARN_DIRECT_OBJC_ISA_USAGE = YES_ERROR;
				CLANG_WARN_EMPTY_BODY = YES;
				CLANG_WARN_ENUM_CONVERSION = YES;
				CLANG_WARN_INT_CONVERSION = YES;
				CLANG_WARN_OBJC_ROOT_CLASS = YES_ERROR;
				CLANG_WARN_UNREACHABLE_CODE = YES;
				CLANG_WARN__DUPLICATE_METHOD_MATCH = YES;
				"CODE_SIGN_IDENTITY[sdk=iphoneos*]" = "iPhone Developer";
				COPY_PHASE_STRIP = NO;
				DEBUG_INFORMATION_FORMAT = dwarf;
				ENABLE_STRICT_OBJC_MSGSEND = YES;
				ENABLE_TESTABILITY = YES;
				GCC_C_LANGUAGE_STANDARD = gnu99;
				GCC_DYNAMIC_NO_PIC = NO;
				GCC_NO_COMMON_BLOCKS = YES;
				GCC_OPTIMIZATION_LEVEL = 0;
				GCC_PREPROCESSOR_DEFINITIONS = (
					"DEBUG=1",
					"$(inherited)",
				);
				GCC_WARN_64_TO_32_BIT_CONVERSION = YES;
				GCC_WARN_ABOUT_RETURN_TYPE = YES_ERROR;
				GCC_WARN_UNDECLARED_SELECTOR = YES;
				GCC_WARN_UNINITIALIZED_AUTOS = YES_AGGRESSIVE;
				GCC_WARN_UNUSED_FUNCTION = YES;
				GCC_WARN_UNUSED_VARIABLE = YES;
				IPHONEOS_DEPLOYMENT_TARGET = 9.3;
				MTL_ENABLE_DEBUG_INFO = YES;
				ONLY_ACTIVE_ARCH = YES;
				SDKROOT = iphoneos;
				SWIFT_OPTIMIZATION_LEVEL = "-Onone";
			};
			name = Debug;
		};
		44F1D39F1D4A9A9E003F7A0F /* Release */ = {
			isa = XCBuildConfiguration;
			buildSettings = {
				ALWAYS_SEARCH_USER_PATHS = NO;
				CLANG_ANALYZER_NONNULL = YES;
				CLANG_CXX_LANGUAGE_STANDARD = "gnu++0x";
				CLANG_CXX_LIBRARY = "libc++";
				CLANG_ENABLE_MODULES = YES;
				CLANG_ENABLE_OBJC_ARC = YES;
				CLANG_WARN_BOOL_CONVERSION = YES;
				CLANG_WARN_CONSTANT_CONVERSION = YES;
				CLANG_WARN_DIRECT_OBJC_ISA_USAGE = YES_ERROR;
				CLANG_WARN_EMPTY_BODY = YES;
				CLANG_WARN_ENUM_CONVERSION = YES;
				CLANG_WARN_INT_CONVERSION = YES;
				CLANG_WARN_OBJC_ROOT_CLASS = YES_ERROR;
				CLANG_WARN_UNREACHABLE_CODE = YES;
				CLANG_WARN__DUPLICATE_METHOD_MATCH = YES;
				"CODE_SIGN_IDENTITY[sdk=iphoneos*]" = "iPhone Developer";
				COPY_PHASE_STRIP = NO;
				DEBUG_INFORMATION_FORMAT = "dwarf-with-dsym";
				ENABLE_NS_ASSERTIONS = NO;
				ENABLE_STRICT_OBJC_MSGSEND = YES;
				GCC_C_LANGUAGE_STANDARD = gnu99;
				GCC_NO_COMMON_BLOCKS = YES;
				GCC_WARN_64_TO_32_BIT_CONVERSION = YES;
				GCC_WARN_ABOUT_RETURN_TYPE = YES_ERROR;
				GCC_WARN_UNDECLARED_SELECTOR = YES;
				GCC_WARN_UNINITIALIZED_AUTOS = YES_AGGRESSIVE;
				GCC_WARN_UNUSED_FUNCTION = YES;
				GCC_WARN_UNUSED_VARIABLE = YES;
				IPHONEOS_DEPLOYMENT_TARGET = 9.3;
				MTL_ENABLE_DEBUG_INFO = NO;
				SDKROOT = iphoneos;
				VALIDATE_PRODUCT = YES;
			};
			name = Release;
		};
		44F1D3A11D4A9A9E003F7A0F /* Debug */ = {
			isa = XCBuildConfiguration;
			baseConfigurationReference = 6E3C3C6E1367616D170FFF4F /* Pods-ProductivityAnalytics.debug.xcconfig */;
			buildSettings = {
				ASSETCATALOG_COMPILER_APPICON_NAME = AppIcon;
				INFOPLIST_FILE = ProductivityAnalytics/Info.plist;
				LD_RUNPATH_SEARCH_PATHS = "$(inherited) @executable_path/Frameworks";
				PRODUCT_BUNDLE_IDENTIFIER = com.BrianNguyen.ProductivityAnalytics;
				PRODUCT_NAME = "$(TARGET_NAME)";
			};
			name = Debug;
		};
		44F1D3A21D4A9A9E003F7A0F /* Release */ = {
			isa = XCBuildConfiguration;
			baseConfigurationReference = 33EE3CAC04A90C815D25D63D /* Pods-ProductivityAnalytics.release.xcconfig */;
			buildSettings = {
				ASSETCATALOG_COMPILER_APPICON_NAME = AppIcon;
				INFOPLIST_FILE = ProductivityAnalytics/Info.plist;
				LD_RUNPATH_SEARCH_PATHS = "$(inherited) @executable_path/Frameworks";
				PRODUCT_BUNDLE_IDENTIFIER = com.BrianNguyen.ProductivityAnalytics;
				PRODUCT_NAME = "$(TARGET_NAME)";
			};
			name = Release;
		};
/* End XCBuildConfiguration section */

/* Begin XCConfigurationList section */
		44F1D3861D4A9A9E003F7A0F /* Build configuration list for PBXProject "ProductivityAnalytics" */ = {
			isa = XCConfigurationList;
			buildConfigurations = (
				44F1D39E1D4A9A9E003F7A0F /* Debug */,
				44F1D39F1D4A9A9E003F7A0F /* Release */,
			);
			defaultConfigurationIsVisible = 0;
			defaultConfigurationName = Release;
		};
		44F1D3A01D4A9A9E003F7A0F /* Build configuration list for PBXNativeTarget "ProductivityAnalytics" */ = {
			isa = XCConfigurationList;
			buildConfigurations = (
				44F1D3A11D4A9A9E003F7A0F /* Debug */,
				44F1D3A21D4A9A9E003F7A0F /* Release */,
			);
			defaultConfigurationIsVisible = 0;
			defaultConfigurationName = Release;
		};
/* End XCConfigurationList section */

/* Begin XCVersionGroup section */
		44F1D3951D4A9A9E003F7A0F /* ProductivityAnalytics.xcdatamodeld */ = {
			isa = XCVersionGroup;
			children = (
				44F1D3961D4A9A9E003F7A0F /* ProductivityAnalytics.xcdatamodel */,
			);
			currentVersion = 44F1D3961D4A9A9E003F7A0F /* ProductivityAnalytics.xcdatamodel */;
			path = ProductivityAnalytics.xcdatamodeld;
			sourceTree = "<group>";
			versionGroupType = wrapper.xcdatamodel;
		};
/* End XCVersionGroup section */
	};
	rootObject = 44F1D3831D4A9A9E003F7A0F /* Project object */;
}
